
Microsoft Visual Studio Solution File, Format Version 11.00
# Visual Studio 2010
Project("{FAE04EC0-301F-11D3-BF4B-00C04F79EFBC}") = "Unity.2D.PixelPerfect.Tests", "Unity.2D.PixelPerfect.Tests.csproj", "{9504CFF1-38A4-5637-F51F-2D65976CB250}"
EndProject
Project("{FAE04EC0-301F-11D3-BF4B-00C04F79EFBC}") = "UnityEngine.TestRunner", "UnityEngine.TestRunner.csproj", "{C702E2AB-80E0-D6E6-E291-8008D3B87CD0}"
EndProject
Project("{FAE04EC0-301F-11D3-BF4B-00C04F79EFBC}") = "Unity.Mathematics", "Unity.Mathematics.csproj", "{B40AE5BF-846F-B420-75AD-FE928E509D44}"
EndProject
Project("{FAE04EC0-301F-11D3-BF4B-00C04F79EFBC}") = "Unity.2D.Animation.Triangle.Runtime", "Unity.2D.Animation.Triangle.Runtime.csproj", "{F9709FB0-E2C7-DE5C-AA71-B820F7132C74}"
EndProject
Project("{FAE04EC0-301F-11D3-BF4B-00C04F79EFBC}") = "UnityEngine.UI.Tests", "UnityEngine.UI.Tests.csproj", "{C24B0288-609D-3A3F-BE5C-2FA3E84574FC}"
EndProject
Project("{FAE04EC0-301F-11D3-BF4B-00C04F79EFBC}") = "Unity.Timeline", "Unity.Timeline.csproj", "{80BD50E0-7931-2B8A-FB9F-20FD88B1F785}"
EndProject
Project("{FAE04EC0-301F-11D3-BF4B-00C04F79EFBC}") = "UnityEngine.UI", "UnityEngine.UI.csproj", "{5F3D20EA-3878-F748-762D-9BE068BF3303}"
EndProject
Project("{FAE04EC0-301F-11D3-BF4B-00C04F79EFBC}") = "Unity.TextMeshPro", "Unity.TextMeshPro.csproj", "{5B51BD18-AFB4-6FA4-FE26-5679EA0A8C59}"
EndProject
Project("{FAE04EC0-301F-11D3-BF4B-00C04F79EFBC}") = "Unity.2D.Animation.Runtime", "Unity.2D.Animation.Runtime.csproj", "{B84C7645-E21B-DDED-22BB-41970354A309}"
EndProject
Project("{FAE04EC0-301F-11D3-BF4B-00C04F79EFBC}") = "Unity.2D.IK.Runtime", "Unity.2D.IK.Runtime.csproj", "{375929E3-1A83-B7E9-7E1C-04CC7B40ABCD}"
EndProject
Project("{FAE04EC0-301F-11D3-BF4B-00C04F79EFBC}") = "Unity.2D.SpriteShape.Runtime", "Unity.2D.SpriteShape.Runtime.csproj", "{C4654F94-021F-93D3-7A5B-259F747788A8}"
EndProject
Project("{FAE04EC0-301F-11D3-BF4B-00C04F79EFBC}") = "Unity.2D.PixelPerfect", "Unity.2D.PixelPerfect.csproj", "{4DFF9D4D-C31A-E1FF-21CF-8FDE8BD7E119}"
EndProject
Project("{FAE04EC0-301F-11D3-BF4B-00C04F79EFBC}") = "Unity.2D.Common.Runtime", "Unity.2D.Common.Runtime.csproj", "{B834A37A-0582-C93B-947D-B4F40D3AAF30}"
EndProject
Project("{FAE04EC0-301F-11D3-BF4B-00C04F79EFBC}") = "Unity.TextMeshPro.Tests", "Unity.TextMeshPro.Tests.csproj", "{5AE7ED03-F923-221E-D0E4-AA98AFCC56D3}"
EndProject
Project("{FAE04EC0-301F-11D3-BF4B-00C04F79EFBC}") = "Unity.InternalAPIEngineBridge.001", "Unity.InternalAPIEngineBridge.001.csproj", "{4FB209D0-2D4D-C166-14F5-724AB3B5A8E0}"
EndProject
Project("{FAE04EC0-301F-11D3-BF4B-00C04F79EFBC}") = "Assembly-CSharp", "Assembly-CSharp.csproj", "{645CCC6A-BD58-912D-E24B-33C300C9AC5F}"
EndProject
Project("{FAE04EC0-301F-11D3-BF4B-00C04F79EFBC}") = "UnityEditor.TestRunner", "UnityEditor.TestRunner.csproj", "{8957CE6E-E06E-8676-F0EF-963EF7A780CC}"
EndProject
Project("{FAE04EC0-301F-11D3-BF4B-00C04F79EFBC}") = "Unity.PlasticSCM.Editor", "Unity.PlasticSCM.Editor.csproj", "{F845EF9F-1F44-ED38-F939-44FE900B545F}"
EndProject
Project("{FAE04EC0-301F-11D3-BF4B-00C04F79EFBC}") = "UnityEditor.UI", "UnityEditor.UI.csproj", "{A3A2036E-7606-B2CE-DE03-7C61C1C365CD}"
EndProject
Project("{FAE04EC0-301F-11D3-BF4B-00C04F79EFBC}") = "Unity.Timeline.Editor", "Unity.Timeline.Editor.csproj", "{0E11CBE0-601E-D694-7E58-4F2DA7F5D45E}"
EndProject
Project("{FAE04EC0-301F-11D3-BF4B-00C04F79EFBC}") = "Unity.VisualStudio.Editor", "Unity.VisualStudio.Editor.csproj", "{0F977858-3EA2-C148-6792-D8AD4371071B}"
EndProject
Project("{FAE04EC0-301F-11D3-BF4B-00C04F79EFBC}") = "Unity.2D.Psdimporter.Editor", "Unity.2D.Psdimporter.Editor.csproj", "{AD47ABC0-1861-55E6-D6A1-0E46307F869E}"
EndProject
Project("{FAE04EC0-301F-11D3-BF4B-00C04F79EFBC}") = "Unity.2D.Animation.Editor", "Unity.2D.Animation.Editor.csproj", "{AEC98751-6723-E1BD-1FDE-22D24CF90228}"
EndProject
Project("{FAE04EC0-301F-11D3-BF4B-00C04F79EFBC}") = "Unity.TextMeshPro.Editor", "Unity.TextMeshPro.Editor.csproj", "{F0F49612-9B41-0AE7-3DC8-656216C34F30}"
EndProject
Project("{FAE04EC0-301F-11D3-BF4B-00C04F79EFBC}") = "Unity.2D.SpriteShape.Editor", "Unity.2D.SpriteShape.Editor.csproj", "{7BA39E15-452B-8C35-33CC-EB26201BE475}"
EndProject
Project("{FAE04EC0-301F-11D3-BF4B-00C04F79EFBC}") = "Unity.CollabProxy.Editor", "Unity.CollabProxy.Editor.csproj", "{6B0FEE66-12FC-CAFB-0430-EEFADD029B19}"
EndProject
Project("{FAE04EC0-301F-11D3-BF4B-00C04F79EFBC}") = "PsdPlugin", "PsdPlugin.csproj", "{E7849C74-97EC-E47F-08D3-D1871DF385FE}"
EndProject
Project("{FAE04EC0-301F-11D3-BF4B-00C04F79EFBC}") = "DocCodeExamples", "DocCodeExamples.csproj", "{2061EBB5-02BC-DF48-AF5E-511586F2012B}"
EndProject
Project("{FAE04EC0-301F-11D3-BF4B-00C04F79EFBC}") = "Unity.2D.Path.Editor", "Unity.2D.Path.Editor.csproj", "{02AEBAB7-3896-732A-14E9-D0A73F71F097}"
EndProject
Project("{FAE04EC0-301F-11D3-BF4B-00C04F79EFBC}") = "Unity.Mathematics.Tests", "Unity.Mathematics.Tests.csproj", "{331DF3D8-D61A-C5B0-43E0-82748225ECE5}"
EndProject
Project("{FAE04EC0-301F-11D3-BF4B-00C04F79EFBC}") = "Unity.PlasticSCM.EditorTests", "Unity.PlasticSCM.EditorTests.csproj", "{EF6701E9-B64D-03E8-49EC-3C5820962518}"
EndProject
Project("{FAE04EC0-301F-11D3-BF4B-00C04F79EFBC}") = "Unity.Rider.Editor", "Unity.Rider.Editor.csproj", "{CBC262AA-F612-54C5-A8B6-10E138BC24DF}"
EndProject
Project("{FAE04EC0-301F-11D3-BF4B-00C04F79EFBC}") = "UnityEditor.UI.EditorTests", "UnityEditor.UI.EditorTests.csproj", "{75CD02E0-D580-B0FF-19D5-397AECD94910}"
EndProject
Project("{FAE04EC0-301F-11D3-BF4B-00C04F79EFBC}") = "Unity.CollabProxy.EditorTests", "Unity.CollabProxy.EditorTests.csproj", "{412FC10D-CCED-2159-356D-FD06F68D3499}"
EndProject
Project("{FAE04EC0-301F-11D3-BF4B-00C04F79EFBC}") = "Unity.2D.IK.Editor", "Unity.2D.IK.Editor.csproj", "{3390513C-C2FF-2A38-9322-6FF460C85A23}"
EndProject
Project("{FAE04EC0-301F-11D3-BF4B-00C04F79EFBC}") = "Unity.2D.SpriteShape.EditorTests", "Unity.2D.SpriteShape.EditorTests.csproj", "{5320CA33-DBE6-1E24-B735-51614409EB38}"
EndProject
Project("{FAE04EC0-301F-11D3-BF4B-00C04F79EFBC}") = "Unity.2D.Sprite.Editor", "Unity.2D.Sprite.Editor.csproj", "{804E10B3-C107-7ADE-F050-B0ABA2BC14BB}"
EndProject
Project("{FAE04EC0-301F-11D3-BF4B-00C04F79EFBC}") = "Unity.2D.Tilemap.Editor", "Unity.2D.Tilemap.Editor.csproj", "{825E5B62-7639-9E28-CC7A-D73094E3D780}"
EndProject
Project("{FAE04EC0-301F-11D3-BF4B-00C04F79EFBC}") = "Unity.2D.PixelPerfect.Editor", "Unity.2D.PixelPerfect.Editor.csproj", "{732AA2A4-DD1E-82F6-A414-9229DFF4DA43}"
EndProject
Project("{FAE04EC0-301F-11D3-BF4B-00C04F79EFBC}") = "Unity.VSCode.Editor", "Unity.VSCode.Editor.csproj", "{72966D01-31A5-A372-269F-768679DD4700}"
EndProject
Project("{FAE04EC0-301F-11D3-BF4B-00C04F79EFBC}") = "Unity.2D.Common.Editor", "Unity.2D.Common.Editor.csproj", "{FE180B0E-0C7A-C9E9-AB9A-348601EED881}"
EndProject
Project("{FAE04EC0-301F-11D3-BF4B-00C04F79EFBC}") = "Unity.Mathematics.Editor", "Unity.Mathematics.Editor.csproj", "{7173B51E-18B9-0F36-18FE-BE4D4AC91001}"
EndProject
Project("{FAE04EC0-301F-11D3-BF4B-00C04F79EFBC}") = "Unity.2D.PixelPerfect.Editor.Tests", "Unity.2D.PixelPerfect.Editor.Tests.csproj", "{2EEA0F09-96C1-6826-5D57-8594533F9402}"
EndProject
Project("{FAE04EC0-301F-11D3-BF4B-00C04F79EFBC}") = "Unity.2D.Common.EditorTests", "Unity.2D.Common.EditorTests.csproj", "{09F54339-A00A-8A18-C00C-C22AD365822A}"
EndProject
Project("{FAE04EC0-301F-11D3-BF4B-00C04F79EFBC}") = "Unity.2D.Path.Tests", "Unity.2D.Path.Tests.csproj", "{CD1673A5-6CC7-4EC1-9186-18D3444A459C}"
EndProject
Project("{FAE04EC0-301F-11D3-BF4B-00C04F79EFBC}") = "Unity.InternalAPIEditorBridge.001", "Unity.InternalAPIEditorBridge.001.csproj", "{1136C8F8-2D9B-D5C4-2A48-E91F05C9B14F}"
EndProject
Project("{FAE04EC0-301F-11D3-BF4B-00C04F79EFBC}") = "Unity.2D.Tilemap.Package.EditorTests", "Unity.2D.Tilemap.Package.EditorTests.csproj", "{4263D6E6-68A8-81FF-A558-1057D5260062}"
EndProject
Project("{FAE04EC0-301F-11D3-BF4B-00C04F79EFBC}") = "Unity.2D.Psdimporter.EditorTests", "Unity.2D.Psdimporter.EditorTests.csproj", "{8027977E-274C-92F5-0621-70287E7F64EE}"
EndProject
Project("{FAE04EC0-301F-11D3-BF4B-00C04F79EFBC}") = "Unity.2D.Sprite.Package.EditorTests", "Unity.2D.Sprite.Package.EditorTests.csproj", "{BBB76022-CAF9-E560-2D1A-29D644B03733}"
EndProject
Project("{FAE04EC0-301F-11D3-BF4B-00C04F79EFBC}") = "Unity.TextMeshPro.Editor.Tests", "Unity.TextMeshPro.Editor.Tests.csproj", "{3DBBBAD5-DFB5-BF70-C514-C3D3B8CEA7E3}"
EndProject
Project("{FAE04EC0-301F-11D3-BF4B-00C04F79EFBC}") = "Unity.2D.Animation.EditorTests", "Unity.2D.Animation.EditorTests.csproj", "{6128267E-F06D-1172-7537-C41A1F5CB1AC}"
EndProject
Global
	GlobalSection(SolutionConfigurationPlatforms) = preSolution
		Debug|Any CPU = Debug|Any CPU
		Release|Any CPU = Release|Any CPU
	EndGlobalSection
	GlobalSection(ProjectConfigurationPlatforms) = postSolution
		{9504CFF1-38A4-5637-F51F-2D65976CB250}.Debug|Any CPU.ActiveCfg = Debug|Any CPU
		{9504CFF1-38A4-5637-F51F-2D65976CB250}.Debug|Any CPU.Build.0 = Debug|Any CPU
		{9504CFF1-38A4-5637-F51F-2D65976CB250}.Release|Any CPU.ActiveCfg = Release|Any CPU
		{9504CFF1-38A4-5637-F51F-2D65976CB250}.Release|Any CPU.Build.0 = Release|Any CPU
		{C702E2AB-80E0-D6E6-E291-8008D3B87CD0}.Debug|Any CPU.ActiveCfg = Debug|Any CPU
		{C702E2AB-80E0-D6E6-E291-8008D3B87CD0}.Debug|Any CPU.Build.0 = Debug|Any CPU
		{C702E2AB-80E0-D6E6-E291-8008D3B87CD0}.Release|Any CPU.ActiveCfg = Release|Any CPU
		{C702E2AB-80E0-D6E6-E291-8008D3B87CD0}.Release|Any CPU.Build.0 = Release|Any CPU
		{B40AE5BF-846F-B420-75AD-FE928E509D44}.Debug|Any CPU.ActiveCfg = Debug|Any CPU
		{B40AE5BF-846F-B420-75AD-FE928E509D44}.Debug|Any CPU.Build.0 = Debug|Any CPU
		{B40AE5BF-846F-B420-75AD-FE928E509D44}.Release|Any CPU.ActiveCfg = Release|Any CPU
		{B40AE5BF-846F-B420-75AD-FE928E509D44}.Release|Any CPU.Build.0 = Release|Any CPU
		{F9709FB0-E2C7-DE5C-AA71-B820F7132C74}.Debug|Any CPU.ActiveCfg = Debug|Any CPU
		{F9709FB0-E2C7-DE5C-AA71-B820F7132C74}.Debug|Any CPU.Build.0 = Debug|Any CPU
		{F9709FB0-E2C7-DE5C-AA71-B820F7132C74}.Release|Any CPU.ActiveCfg = Release|Any CPU
		{F9709FB0-E2C7-DE5C-AA71-B820F7132C74}.Release|Any CPU.Build.0 = Release|Any CPU
		{C24B0288-609D-3A3F-BE5C-2FA3E84574FC}.Debug|Any CPU.ActiveCfg = Debug|Any CPU
		{C24B0288-609D-3A3F-BE5C-2FA3E84574FC}.Debug|Any CPU.Build.0 = Debug|Any CPU
		{C24B0288-609D-3A3F-BE5C-2FA3E84574FC}.Release|Any CPU.ActiveCfg = Release|Any CPU
		{C24B0288-609D-3A3F-BE5C-2FA3E84574FC}.Release|Any CPU.Build.0 = Release|Any CPU
		{80BD50E0-7931-2B8A-FB9F-20FD88B1F785}.Debug|Any CPU.ActiveCfg = Debug|Any CPU
		{80BD50E0-7931-2B8A-FB9F-20FD88B1F785}.Debug|Any CPU.Build.0 = Debug|Any CPU
		{80BD50E0-7931-2B8A-FB9F-20FD88B1F785}.Release|Any CPU.ActiveCfg = Release|Any CPU
		{80BD50E0-7931-2B8A-FB9F-20FD88B1F785}.Release|Any CPU.Build.0 = Release|Any CPU
		{5F3D20EA-3878-F748-762D-9BE068BF3303}.Debug|Any CPU.ActiveCfg = Debug|Any CPU
		{5F3D20EA-3878-F748-762D-9BE068BF3303}.Debug|Any CPU.Build.0 = Debug|Any CPU
		{5F3D20EA-3878-F748-762D-9BE068BF3303}.Release|Any CPU.ActiveCfg = Release|Any CPU
		{5F3D20EA-3878-F748-762D-9BE068BF3303}.Release|Any CPU.Build.0 = Release|Any CPU
		{5B51BD18-AFB4-6FA4-FE26-5679EA0A8C59}.Debug|Any CPU.ActiveCfg = Debug|Any CPU
		{5B51BD18-AFB4-6FA4-FE26-5679EA0A8C59}.Debug|Any CPU.Build.0 = Debug|Any CPU
		{5B51BD18-AFB4-6FA4-FE26-5679EA0A8C59}.Release|Any CPU.ActiveCfg = Release|Any CPU
		{5B51BD18-AFB4-6FA4-FE26-5679EA0A8C59}.Release|Any CPU.Build.0 = Release|Any CPU
		{B84C7645-E21B-DDED-22BB-41970354A309}.Debug|Any CPU.ActiveCfg = Debug|Any CPU
		{B84C7645-E21B-DDED-22BB-41970354A309}.Debug|Any CPU.Build.0 = Debug|Any CPU
		{B84C7645-E21B-DDED-22BB-41970354A309}.Release|Any CPU.ActiveCfg = Release|Any CPU
		{B84C7645-E21B-DDED-22BB-41970354A309}.Release|Any CPU.Build.0 = Release|Any CPU
		{375929E3-1A83-B7E9-7E1C-04CC7B40ABCD}.Debug|Any CPU.ActiveCfg = Debug|Any CPU
		{375929E3-1A83-B7E9-7E1C-04CC7B40ABCD}.Debug|Any CPU.Build.0 = Debug|Any CPU
		{375929E3-1A83-B7E9-7E1C-04CC7B40ABCD}.Release|Any CPU.ActiveCfg = Release|Any CPU
		{375929E3-1A83-B7E9-7E1C-04CC7B40ABCD}.Release|Any CPU.Build.0 = Release|Any CPU
		{C4654F94-021F-93D3-7A5B-259F747788A8}.Debug|Any CPU.ActiveCfg = Debug|Any CPU
		{C4654F94-021F-93D3-7A5B-259F747788A8}.Debug|Any CPU.Build.0 = Debug|Any CPU
		{C4654F94-021F-93D3-7A5B-259F747788A8}.Release|Any CPU.ActiveCfg = Release|Any CPU
		{C4654F94-021F-93D3-7A5B-259F747788A8}.Release|Any CPU.Build.0 = Release|Any CPU
		{4DFF9D4D-C31A-E1FF-21CF-8FDE8BD7E119}.Debug|Any CPU.ActiveCfg = Debug|Any CPU
		{4DFF9D4D-C31A-E1FF-21CF-8FDE8BD7E119}.Debug|Any CPU.Build.0 = Debug|Any CPU
		{4DFF9D4D-C31A-E1FF-21CF-8FDE8BD7E119}.Release|Any CPU.ActiveCfg = Release|Any CPU
		{4DFF9D4D-C31A-E1FF-21CF-8FDE8BD7E119}.Release|Any CPU.Build.0 = Release|Any CPU
		{B834A37A-0582-C93B-947D-B4F40D3AAF30}.Debug|Any CPU.ActiveCfg = Debug|Any CPU
		{B834A37A-0582-C93B-947D-B4F40D3AAF30}.Debug|Any CPU.Build.0 = Debug|Any CPU
		{B834A37A-0582-C93B-947D-B4F40D3AAF30}.Release|Any CPU.ActiveCfg = Release|Any CPU
		{B834A37A-0582-C93B-947D-B4F40D3AAF30}.Release|Any CPU.Build.0 = Release|Any CPU
		{5AE7ED03-F923-221E-D0E4-AA98AFCC56D3}.Debug|Any CPU.ActiveCfg = Debug|Any CPU
		{5AE7ED03-F923-221E-D0E4-AA98AFCC56D3}.Debug|Any CPU.Build.0 = Debug|Any CPU
		{5AE7ED03-F923-221E-D0E4-AA98AFCC56D3}.Release|Any CPU.ActiveCfg = Release|Any CPU
		{5AE7ED03-F923-221E-D0E4-AA98AFCC56D3}.Release|Any CPU.Build.0 = Release|Any CPU
		{4FB209D0-2D4D-C166-14F5-724AB3B5A8E0}.Debug|Any CPU.ActiveCfg = Debug|Any CPU
		{4FB209D0-2D4D-C166-14F5-724AB3B5A8E0}.Debug|Any CPU.Build.0 = Debug|Any CPU
		{4FB209D0-2D4D-C166-14F5-724AB3B5A8E0}.Release|Any CPU.ActiveCfg = Release|Any CPU
		{4FB209D0-2D4D-C166-14F5-724AB3B5A8E0}.Release|Any CPU.Build.0 = Release|Any CPU
		{645CCC6A-BD58-912D-E24B-33C300C9AC5F}.Debug|Any CPU.ActiveCfg = Debug|Any CPU
		{645CCC6A-BD58-912D-E24B-33C300C9AC5F}.Debug|Any CPU.Build.0 = Debug|Any CPU
		{645CCC6A-BD58-912D-E24B-33C300C9AC5F}.Release|Any CPU.ActiveCfg = Release|Any CPU
		{645CCC6A-BD58-912D-E24B-33C300C9AC5F}.Release|Any CPU.Build.0 = Release|Any CPU
		{8957CE6E-E06E-8676-F0EF-963EF7A780CC}.Debug|Any CPU.ActiveCfg = Debug|Any CPU
		{8957CE6E-E06E-8676-F0EF-963EF7A780CC}.Debug|Any CPU.Build.0 = Debug|Any CPU
		{8957CE6E-E06E-8676-F0EF-963EF7A780CC}.Release|Any CPU.ActiveCfg = Release|Any CPU
		{8957CE6E-E06E-8676-F0EF-963EF7A780CC}.Release|Any CPU.Build.0 = Release|Any CPU
		{F845EF9F-1F44-ED38-F939-44FE900B545F}.Debug|Any CPU.ActiveCfg = Debug|Any CPU
		{F845EF9F-1F44-ED38-F939-44FE900B545F}.Debug|Any CPU.Build.0 = Debug|Any CPU
		{F845EF9F-1F44-ED38-F939-44FE900B545F}.Release|Any CPU.ActiveCfg = Release|Any CPU
		{F845EF9F-1F44-ED38-F939-44FE900B545F}.Release|Any CPU.Build.0 = Release|Any CPU
		{A3A2036E-7606-B2CE-DE03-7C61C1C365CD}.Debug|Any CPU.ActiveCfg = Debug|Any CPU
		{A3A2036E-7606-B2CE-DE03-7C61C1C365CD}.Debug|Any CPU.Build.0 = Debug|Any CPU
		{A3A2036E-7606-B2CE-DE03-7C61C1C365CD}.Release|Any CPU.ActiveCfg = Release|Any CPU
		{A3A2036E-7606-B2CE-DE03-7C61C1C365CD}.Release|Any CPU.Build.0 = Release|Any CPU
		{0E11CBE0-601E-D694-7E58-4F2DA7F5D45E}.Debug|Any CPU.ActiveCfg = Debug|Any CPU
		{0E11CBE0-601E-D694-7E58-4F2DA7F5D45E}.Debug|Any CPU.Build.0 = Debug|Any CPU
		{0E11CBE0-601E-D694-7E58-4F2DA7F5D45E}.Release|Any CPU.ActiveCfg = Release|Any CPU
		{0E11CBE0-601E-D694-7E58-4F2DA7F5D45E}.Release|Any CPU.Build.0 = Release|Any CPU
		{0F977858-3EA2-C148-6792-D8AD4371071B}.Debug|Any CPU.ActiveCfg = Debug|Any CPU
		{0F977858-3EA2-C148-6792-D8AD4371071B}.Debug|Any CPU.Build.0 = Debug|Any CPU
		{0F977858-3EA2-C148-6792-D8AD4371071B}.Release|Any CPU.ActiveCfg = Release|Any CPU
		{0F977858-3EA2-C148-6792-D8AD4371071B}.Release|Any CPU.Build.0 = Release|Any CPU
		{AD47ABC0-1861-55E6-D6A1-0E46307F869E}.Debug|Any CPU.ActiveCfg = Debug|Any CPU
		{AD47ABC0-1861-55E6-D6A1-0E46307F869E}.Debug|Any CPU.Build.0 = Debug|Any CPU
		{AD47ABC0-1861-55E6-D6A1-0E46307F869E}.Release|Any CPU.ActiveCfg = Release|Any CPU
		{AD47ABC0-1861-55E6-D6A1-0E46307F869E}.Release|Any CPU.Build.0 = Release|Any CPU
		{AEC98751-6723-E1BD-1FDE-22D24CF90228}.Debug|Any CPU.ActiveCfg = Debug|Any CPU
		{AEC98751-6723-E1BD-1FDE-22D24CF90228}.Debug|Any CPU.Build.0 = Debug|Any CPU
		{AEC98751-6723-E1BD-1FDE-22D24CF90228}.Release|Any CPU.ActiveCfg = Release|Any CPU
		{AEC98751-6723-E1BD-1FDE-22D24CF90228}.Release|Any CPU.Build.0 = Release|Any CPU
		{F0F49612-9B41-0AE7-3DC8-656216C34F30}.Debug|Any CPU.ActiveCfg = Debug|Any CPU
		{F0F49612-9B41-0AE7-3DC8-656216C34F30}.Debug|Any CPU.Build.0 = Debug|Any CPU
		{F0F49612-9B41-0AE7-3DC8-656216C34F30}.Release|Any CPU.ActiveCfg = Release|Any CPU
		{F0F49612-9B41-0AE7-3DC8-656216C34F30}.Release|Any CPU.Build.0 = Release|Any CPU
		{7BA39E15-452B-8C35-33CC-EB26201BE475}.Debug|Any CPU.ActiveCfg = Debug|Any CPU
		{7BA39E15-452B-8C35-33CC-EB26201BE475}.Debug|Any CPU.Build.0 = Debug|Any CPU
		{7BA39E15-452B-8C35-33CC-EB26201BE475}.Release|Any CPU.ActiveCfg = Release|Any CPU
		{7BA39E15-452B-8C35-33CC-EB26201BE475}.Release|Any CPU.Build.0 = Release|Any CPU
		{6B0FEE66-12FC-CAFB-0430-EEFADD029B19}.Debug|Any CPU.ActiveCfg = Debug|Any CPU
		{6B0FEE66-12FC-CAFB-0430-EEFADD029B19}.Debug|Any CPU.Build.0 = Debug|Any CPU
		{6B0FEE66-12FC-CAFB-0430-EEFADD029B19}.Release|Any CPU.ActiveCfg = Release|Any CPU
		{6B0FEE66-12FC-CAFB-0430-EEFADD029B19}.Release|Any CPU.Build.0 = Release|Any CPU
		{E7849C74-97EC-E47F-08D3-D1871DF385FE}.Debug|Any CPU.ActiveCfg = Debug|Any CPU
		{E7849C74-97EC-E47F-08D3-D1871DF385FE}.Debug|Any CPU.Build.0 = Debug|Any CPU
		{E7849C74-97EC-E47F-08D3-D1871DF385FE}.Release|Any CPU.ActiveCfg = Release|Any CPU
		{E7849C74-97EC-E47F-08D3-D1871DF385FE}.Release|Any CPU.Build.0 = Release|Any CPU
		{2061EBB5-02BC-DF48-AF5E-511586F2012B}.Debug|Any CPU.ActiveCfg = Debug|Any CPU
		{2061EBB5-02BC-DF48-AF5E-511586F2012B}.Debug|Any CPU.Build.0 = Debug|Any CPU
		{2061EBB5-02BC-DF48-AF5E-511586F2012B}.Release|Any CPU.ActiveCfg = Release|Any CPU
		{2061EBB5-02BC-DF48-AF5E-511586F2012B}.Release|Any CPU.Build.0 = Release|Any CPU
		{02AEBAB7-3896-732A-14E9-D0A73F71F097}.Debug|Any CPU.ActiveCfg = Debug|Any CPU
		{02AEBAB7-3896-732A-14E9-D0A73F71F097}.Debug|Any CPU.Build.0 = Debug|Any CPU
		{02AEBAB7-3896-732A-14E9-D0A73F71F097}.Release|Any CPU.ActiveCfg = Release|Any CPU
		{02AEBAB7-3896-732A-14E9-D0A73F71F097}.Release|Any CPU.Build.0 = Release|Any CPU
		{331DF3D8-D61A-C5B0-43E0-82748225ECE5}.Debug|Any CPU.ActiveCfg = Debug|Any CPU
		{331DF3D8-D61A-C5B0-43E0-82748225ECE5}.Debug|Any CPU.Build.0 = Debug|Any CPU
		{331DF3D8-D61A-C5B0-43E0-82748225ECE5}.Release|Any CPU.ActiveCfg = Release|Any CPU
		{331DF3D8-D61A-C5B0-43E0-82748225ECE5}.Release|Any CPU.Build.0 = Release|Any CPU
		{EF6701E9-B64D-03E8-49EC-3C5820962518}.Debug|Any CPU.ActiveCfg = Debug|Any CPU
		{EF6701E9-B64D-03E8-49EC-3C5820962518}.Debug|Any CPU.Build.0 = Debug|Any CPU
		{EF6701E9-B64D-03E8-49EC-3C5820962518}.Release|Any CPU.ActiveCfg = Release|Any CPU
		{EF6701E9-B64D-03E8-49EC-3C5820962518}.Release|Any CPU.Build.0 = Release|Any CPU
		{CBC262AA-F612-54C5-A8B6-10E138BC24DF}.Debug|Any CPU.ActiveCfg = Debug|Any CPU
		{CBC262AA-F612-54C5-A8B6-10E138BC24DF}.Debug|Any CPU.Build.0 = Debug|Any CPU
		{CBC262AA-F612-54C5-A8B6-10E138BC24DF}.Release|Any CPU.ActiveCfg = Release|Any CPU
		{CBC262AA-F612-54C5-A8B6-10E138BC24DF}.Release|Any CPU.Build.0 = Release|Any CPU
		{75CD02E0-D580-B0FF-19D5-397AECD94910}.Debug|Any CPU.ActiveCfg = Debug|Any CPU
		{75CD02E0-D580-B0FF-19D5-397AECD94910}.Debug|Any CPU.Build.0 = Debug|Any CPU
		{75CD02E0-D580-B0FF-19D5-397AECD94910}.Release|Any CPU.ActiveCfg = Release|Any CPU
		{75CD02E0-D580-B0FF-19D5-397AECD94910}.Release|Any CPU.Build.0 = Release|Any CPU
		{412FC10D-CCED-2159-356D-FD06F68D3499}.Debug|Any CPU.ActiveCfg = Debug|Any CPU
		{412FC10D-CCED-2159-356D-FD06F68D3499}.Debug|Any CPU.Build.0 = Debug|Any CPU
		{412FC10D-CCED-2159-356D-FD06F68D3499}.Release|Any CPU.ActiveCfg = Release|Any CPU
		{412FC10D-CCED-2159-356D-FD06F68D3499}.Release|Any CPU.Build.0 = Release|Any CPU
		{3390513C-C2FF-2A38-9322-6FF460C85A23}.Debug|Any CPU.ActiveCfg = Debug|Any CPU
		{3390513C-C2FF-2A38-9322-6FF460C85A23}.Debug|Any CPU.Build.0 = Debug|Any CPU
		{3390513C-C2FF-2A38-9322-6FF460C85A23}.Release|Any CPU.ActiveCfg = Release|Any CPU
		{3390513C-C2FF-2A38-9322-6FF460C85A23}.Release|Any CPU.Build.0 = Release|Any CPU
		{5320CA33-DBE6-1E24-B735-51614409EB38}.Debug|Any CPU.ActiveCfg = Debug|Any CPU
		{5320CA33-DBE6-1E24-B735-51614409EB38}.Debug|Any CPU.Build.0 = Debug|Any CPU
		{5320CA33-DBE6-1E24-B735-51614409EB38}.Release|Any CPU.ActiveCfg = Release|Any CPU
		{5320CA33-DBE6-1E24-B735-51614409EB38}.Release|Any CPU.Build.0 = Release|Any CPU
		{804E10B3-C107-7ADE-F050-B0ABA2BC14BB}.Debug|Any CPU.ActiveCfg = Debug|Any CPU
		{804E10B3-C107-7ADE-F050-B0ABA2BC14BB}.Debug|Any CPU.Build.0 = Debug|Any CPU
		{804E10B3-C107-7ADE-F050-B0ABA2BC14BB}.Release|Any CPU.ActiveCfg = Release|Any CPU
		{804E10B3-C107-7ADE-F050-B0ABA2BC14BB}.Release|Any CPU.Build.0 = Release|Any CPU
		{825E5B62-7639-9E28-CC7A-D73094E3D780}.Debug|Any CPU.ActiveCfg = Debug|Any CPU
		{825E5B62-7639-9E28-CC7A-D73094E3D780}.Debug|Any CPU.Build.0 = Debug|Any CPU
		{825E5B62-7639-9E28-CC7A-D73094E3D780}.Release|Any CPU.ActiveCfg = Release|Any CPU
		{825E5B62-7639-9E28-CC7A-D73094E3D780}.Release|Any CPU.Build.0 = Release|Any CPU
		{732AA2A4-DD1E-82F6-A414-9229DFF4DA43}.Debug|Any CPU.ActiveCfg = Debug|Any CPU
		{732AA2A4-DD1E-82F6-A414-9229DFF4DA43}.Debug|Any CPU.Build.0 = Debug|Any CPU
		{732AA2A4-DD1E-82F6-A414-9229DFF4DA43}.Release|Any CPU.ActiveCfg = Release|Any CPU
		{732AA2A4-DD1E-82F6-A414-9229DFF4DA43}.Release|Any CPU.Build.0 = Release|Any CPU
		{72966D01-31A5-A372-269F-768679DD4700}.Debug|Any CPU.ActiveCfg = Debug|Any CPU
		{72966D01-31A5-A372-269F-768679DD4700}.Debug|Any CPU.Build.0 = Debug|Any CPU
		{72966D01-31A5-A372-269F-768679DD4700}.Release|Any CPU.ActiveCfg = Release|Any CPU
		{72966D01-31A5-A372-269F-768679DD4700}.Release|Any CPU.Build.0 = Release|Any CPU
		{FE180B0E-0C7A-C9E9-AB9A-348601EED881}.Debug|Any CPU.ActiveCfg = Debug|Any CPU
		{FE180B0E-0C7A-C9E9-AB9A-348601EED881}.Debug|Any CPU.Build.0 = Debug|Any CPU
		{FE180B0E-0C7A-C9E9-AB9A-348601EED881}.Release|Any CPU.ActiveCfg = Release|Any CPU
		{FE180B0E-0C7A-C9E9-AB9A-348601EED881}.Release|Any CPU.Build.0 = Release|Any CPU
		{7173B51E-18B9-0F36-18FE-BE4D4AC91001}.Debug|Any CPU.ActiveCfg = Debug|Any CPU
		{7173B51E-18B9-0F36-18FE-BE4D4AC91001}.Debug|Any CPU.Build.0 = Debug|Any CPU
		{7173B51E-18B9-0F36-18FE-BE4D4AC91001}.Release|Any CPU.ActiveCfg = Release|Any CPU
		{7173B51E-18B9-0F36-18FE-BE4D4AC91001}.Release|Any CPU.Build.0 = Release|Any CPU
		{2EEA0F09-96C1-6826-5D57-8594533F9402}.Debug|Any CPU.ActiveCfg = Debug|Any CPU
		{2EEA0F09-96C1-6826-5D57-8594533F9402}.Debug|Any CPU.Build.0 = Debug|Any CPU
		{2EEA0F09-96C1-6826-5D57-8594533F9402}.Release|Any CPU.ActiveCfg = Release|Any CPU
		{2EEA0F09-96C1-6826-5D57-8594533F9402}.Release|Any CPU.Build.0 = Release|Any CPU
		{09F54339-A00A-8A18-C00C-C22AD365822A}.Debug|Any CPU.ActiveCfg = Debug|Any CPU
		{09F54339-A00A-8A18-C00C-C22AD365822A}.Debug|Any CPU.Build.0 = Debug|Any CPU
		{09F54339-A00A-8A18-C00C-C22AD365822A}.Release|Any CPU.ActiveCfg = Release|Any CPU
		{09F54339-A00A-8A18-C00C-C22AD365822A}.Release|Any CPU.Build.0 = Release|Any CPU
		{CD1673A5-6CC7-4EC1-9186-18D3444A459C}.Debug|Any CPU.ActiveCfg = Debug|Any CPU
		{CD1673A5-6CC7-4EC1-9186-18D3444A459C}.Debug|Any CPU.Build.0 = Debug|Any CPU
		{CD1673A5-6CC7-4EC1-9186-18D3444A459C}.Release|Any CPU.ActiveCfg = Release|Any CPU
		{CD1673A5-6CC7-4EC1-9186-18D3444A459C}.Release|Any CPU.Build.0 = Release|Any CPU
		{1136C8F8-2D9B-D5C4-2A48-E91F05C9B14F}.Debug|Any CPU.ActiveCfg = Debug|Any CPU
		{1136C8F8-2D9B-D5C4-2A48-E91F05C9B14F}.Debug|Any CPU.Build.0 = Debug|Any CPU
		{1136C8F8-2D9B-D5C4-2A48-E91F05C9B14F}.Release|Any CPU.ActiveCfg = Release|Any CPU
		{1136C8F8-2D9B-D5C4-2A48-E91F05C9B14F}.Release|Any CPU.Build.0 = Release|Any CPU
		{4263D6E6-68A8-81FF-A558-1057D5260062}.Debug|Any CPU.ActiveCfg = Debug|Any CPU
		{4263D6E6-68A8-81FF-A558-1057D5260062}.Debug|Any CPU.Build.0 = Debug|Any CPU
		{4263D6E6-68A8-81FF-A558-1057D5260062}.Release|Any CPU.ActiveCfg = Release|Any CPU
		{4263D6E6-68A8-81FF-A558-1057D5260062}.Release|Any CPU.Build.0 = Release|Any CPU
		{8027977E-274C-92F5-0621-70287E7F64EE}.Debug|Any CPU.ActiveCfg = Debug|Any CPU
		{8027977E-274C-92F5-0621-70287E7F64EE}.Debug|Any CPU.Build.0 = Debug|Any CPU
		{8027977E-274C-92F5-0621-70287E7F64EE}.Release|Any CPU.ActiveCfg = Release|Any CPU
		{8027977E-274C-92F5-0621-70287E7F64EE}.Release|Any CPU.Build.0 = Release|Any CPU
		{BBB76022-CAF9-E560-2D1A-29D644B03733}.Debug|Any CPU.ActiveCfg = Debug|Any CPU
		{BBB76022-CAF9-E560-2D1A-29D644B03733}.Debug|Any CPU.Build.0 = Debug|Any CPU
		{BBB76022-CAF9-E560-2D1A-29D644B03733}.Release|Any CPU.ActiveCfg = Release|Any CPU
		{BBB76022-CAF9-E560-2D1A-29D644B03733}.Release|Any CPU.Build.0 = Release|Any CPU
		{3DBBBAD5-DFB5-BF70-C514-C3D3B8CEA7E3}.Debug|Any CPU.ActiveCfg = Debug|Any CPU
		{3DBBBAD5-DFB5-BF70-C514-C3D3B8CEA7E3}.Debug|Any CPU.Build.0 = Debug|Any CPU
		{3DBBBAD5-DFB5-BF70-C514-C3D3B8CEA7E3}.Release|Any CPU.ActiveCfg = Release|Any CPU
		{3DBBBAD5-DFB5-BF70-C514-C3D3B8CEA7E3}.Release|Any CPU.Build.0 = Release|Any CPU
		{6128267E-F06D-1172-7537-C41A1F5CB1AC}.Debug|Any CPU.ActiveCfg = Debug|Any CPU
		{6128267E-F06D-1172-7537-C41A1F5CB1AC}.Debug|Any CPU.Build.0 = Debug|Any CPU
		{6128267E-F06D-1172-7537-C41A1F5CB1AC}.Release|Any CPU.ActiveCfg = Release|Any CPU
		{6128267E-F06D-1172-7537-C41A1F5CB1AC}.Release|Any CPU.Build.0 = Release|Any CPU
	EndGlobalSection
	GlobalSection(SolutionProperties) = preSolution
		HideSolutionNode = FALSE
	EndGlobalSection
EndGlobal
